
Microsoft Visual Studio Solution File, Format Version 12.00
# Visual Studio Version 16
VisualStudioVersion = 16.0.31205.134
MinimumVisualStudioVersion = 10.0.40219.1
Project("{9A19103F-16F7-4668-BE54-9A1E7A4F7556}") = "TicTakGame", "TicTakGame\TicTakGame.csproj", "{DCB63FC6-834C-4181-9E5F-5FFEBB7229DF}"
EndProject
Global
	GlobalSection(SolutionConfigurationPlatforms) = preSolution
		Debug|Any CPU = Debug|Any CPU
		Release|Any CPU = Release|Any CPU
	EndGlobalSection
	GlobalSection(ProjectConfigurationPlatforms) = postSolution
		{DCB63FC6-834C-4181-9E5F-5FFEBB7229DF}.Debug|Any CPU.ActiveCfg = Debug|Any CPU
		{DCB63FC6-834C-4181-9E5F-5FFEBB7229DF}.Debug|Any CPU.Build.0 = Debug|Any CPU
		{DCB63FC6-834C-4181-9E5F-5FFEBB7229DF}.Release|Any CPU.ActiveCfg = Release|Any CPU
		{DCB63FC6-834C-4181-9E5F-5FFEBB7229DF}.Release|Any CPU.Build.0 = Release|Any CPU
	EndGlobalSection
	GlobalSection(SolutionProperties) = preSolution
		HideSolutionNode = FALSE
	EndGlobalSection
	GlobalSection(ExtensibilityGlobals) = postSolution
		SolutionGuid = {B00AE603-52F8-4A44-B2D3-2BE01D19658C}
	EndGlobalSection
EndGlobal
